# This file is automatically @generated by Cargo.
# It is not intended for manual editing.
version = 3

[[package]]
name = "aligned_box"
version = "0.3.0"
source = "registry+https://github.com/rust-lang/crates.io-index"
checksum = "5ebdec4a15fc241b75eb9a55d320cef51549f95f739f8ce3dce24b19b9e5f24a"

[[package]]
name = "elf"
version = "0.7.4"
source = "registry+https://github.com/rust-lang/crates.io-index"
checksum = "4445909572dbd556c457c849c4ca58623d84b27c8fff1e74b0b4227d8b90d17b"

[[package]]
name = "elfloader"
version = "0.1.0"
dependencies = [
 "aligned_box",
 "elf",
 "libc",
]

[[package]]
name = "libc"
version = "0.2.155"
source = "registry+https://github.com/rust-lang/crates.io-index"
checksum = "97b3888a4aecf77e811145cadf6eef5901f4782c53886191b2f693f24761847c"
